
Microsoft Visual Studio Solution File, Format Version 12.00
# Visual Studio 15
VisualStudioVersion = 15.0.28307.572
MinimumVisualStudioVersion = 10.0.40219.1
Project("{9A19103F-16F7-4668-BE54-9A1E7A4F7556}") = "Dfc.Poc.WebApp", "Dfc.Poc.WebApp\Dfc.Poc.WebApp.csproj", "{6964B64B-4CFC-40AB-8C16-E4C487CE1FD7}"
EndProject
Project("{FAE04EC0-301F-11D3-BF4B-00C04F79EFBC}") = "Dfc.Poc.FunctionApp", "Dfc.Poc.FunctionApp\Dfc.Poc.FunctionApp.csproj", "{6EEA847B-7502-424B-A55E-B3E1FB5D4EA4}"
EndProject
Global
	GlobalSection(SolutionConfigurationPlatforms) = preSolution
		Debug|Any CPU = Debug|Any CPU
		Release|Any CPU = Release|Any CPU
	EndGlobalSection
	GlobalSection(ProjectConfigurationPlatforms) = postSolution
		{6964B64B-4CFC-40AB-8C16-E4C487CE1FD7}.Debug|Any CPU.ActiveCfg = Debug|Any CPU
		{6964B64B-4CFC-40AB-8C16-E4C487CE1FD7}.Debug|Any CPU.Build.0 = Debug|Any CPU
		{6964B64B-4CFC-40AB-8C16-E4C487CE1FD7}.Release|Any CPU.ActiveCfg = Release|Any CPU
		{6964B64B-4CFC-40AB-8C16-E4C487CE1FD7}.Release|Any CPU.Build.0 = Release|Any CPU
		{6EEA847B-7502-424B-A55E-B3E1FB5D4EA4}.Debug|Any CPU.ActiveCfg = Debug|Any CPU
		{6EEA847B-7502-424B-A55E-B3E1FB5D4EA4}.Debug|Any CPU.Build.0 = Debug|Any CPU
		{6EEA847B-7502-424B-A55E-B3E1FB5D4EA4}.Release|Any CPU.ActiveCfg = Release|Any CPU
		{6EEA847B-7502-424B-A55E-B3E1FB5D4EA4}.Release|Any CPU.Build.0 = Release|Any CPU
	EndGlobalSection
	GlobalSection(SolutionProperties) = preSolution
		HideSolutionNode = FALSE
	EndGlobalSection
	GlobalSection(ExtensibilityGlobals) = postSolution
		SolutionGuid = {49BD825D-3146-4DEB-9016-3DD58A89982B}
	EndGlobalSection
EndGlobal
